{
  "requires": true,
  "lockfileVersion": 1,
  "dependencies": {
    "@babel/runtime": {
      "version": "7.12.5",
      "resolved": "https://registry.npmjs.org/@babel/runtime/-/runtime-7.12.5.tgz",
      "integrity": "sha512-plcc+hbExy3McchJCEQG3knOsuh3HH+Prx1P6cLIkET/0dLuQDEnrT+s27Axgc9bqfsmNUNHfscgMUdBpC9xfg==",
      "requires": {
        "regenerator-runtime": "^0.13.4"
      }
    },
    "@material-ui/icons": {
      "version": "4.9.1",
      "resolved": "https://registry.npmjs.org/@material-ui/icons/-/icons-4.9.1.tgz",
      "integrity": "sha512-GBitL3oBWO0hzBhvA9KxqcowRUsA0qzwKkURyC8nppnC3fw54KPKZ+d4V1Eeg/UnDRSzDaI9nGCdel/eh9AQMg==",
      "requires": {
        "@babel/runtime": "^7.4.4"
      }
    },
    "chroma-js": {
      "version": "1.1.1",
      "resolved": "https://registry.npmjs.org/chroma-js/-/chroma-js-1.1.1.tgz",
      "integrity": "sha1-m7lDSVkzbs51cAqq3+7ccYBtjAU="
    },
    "commander": {
      "version": "2.20.3",
      "resolved": "https://registry.npmjs.org/commander/-/commander-2.20.3.tgz",
      "integrity": "sha512-GpVkmM8vF2vQUkj2LvZmD35JxeJOLCwJ9cUkugyk2nuhbv3+mJvpLYYt+0+USMxE+oj+ey/lJEnhZw75x/OMcQ=="
    },
    "d3": {
      "version": "6.2.0",
      "resolved": "https://registry.npmjs.org/d3/-/d3-6.2.0.tgz",
      "integrity": "sha512-aH+kx55J8vRBh4K4k9GN4EbNO3QnZsXy4XBfrnr4fL2gQuszUAPQU3fV2oObO2iSpreRH/bG/wfvO+hDu2+e9w==",
      "requires": {
        "d3-array": "2",
        "d3-axis": "2",
        "d3-brush": "2",
        "d3-chord": "2",
        "d3-color": "2",
        "d3-contour": "2",
        "d3-delaunay": "5",
        "d3-dispatch": "2",
        "d3-drag": "2",
        "d3-dsv": "2",
        "d3-ease": "2",
        "d3-fetch": "2",
        "d3-force": "2",
        "d3-format": "2",
        "d3-geo": "2",
        "d3-hierarchy": "2",
        "d3-interpolate": "2",
        "d3-path": "2",
        "d3-polygon": "2",
        "d3-quadtree": "2",
        "d3-random": "2",
        "d3-scale": "3",
        "d3-scale-chromatic": "2",
        "d3-selection": "2",
        "d3-shape": "2",
        "d3-time": "2",
        "d3-time-format": "3",
        "d3-timer": "2",
        "d3-transition": "2",
        "d3-zoom": "2"
      }
    },
    "d3-array": {
      "version": "2.8.0",
      "resolved": "https://registry.npmjs.org/d3-array/-/d3-array-2.8.0.tgz",
      "integrity": "sha512-6V272gsOeg7+9pTW1jSYOR1QE37g95I3my1hBmY+vOUNHRrk9yt4OTz/gK7PMkVAVDrYYq4mq3grTiZ8iJdNIw=="
    },
    "d3-axis": {
      "version": "2.0.0",
      "resolved": "https://registry.npmjs.org/d3-axis/-/d3-axis-2.0.0.tgz",
      "integrity": "sha512-9nzB0uePtb+u9+dWir+HTuEAKJOEUYJoEwbJPsZ1B4K3iZUgzJcSENQ05Nj7S4CIfbZZ8/jQGoUzGKFznBhiiQ=="
    },
    "d3-brush": {
      "version": "2.1.0",
      "resolved": "https://registry.npmjs.org/d3-brush/-/d3-brush-2.1.0.tgz",
      "integrity": "sha512-cHLLAFatBATyIKqZOkk/mDHUbzne2B3ZwxkzMHvFTCZCmLaXDpZRihQSn8UNXTkGD/3lb/W2sQz0etAftmHMJQ==",
      "requires": {
        "d3-dispatch": "1 - 2",
        "d3-drag": "2",
        "d3-interpolate": "1 - 2",
        "d3-selection": "2",
        "d3-transition": "2"
      }
    },
    "d3-chord": {
      "version": "2.0.0",
      "resolved": "https://registry.npmjs.org/d3-chord/-/d3-chord-2.0.0.tgz",
      "integrity": "sha512-D5PZb7EDsRNdGU4SsjQyKhja8Zgu+SHZfUSO5Ls8Wsn+jsAKUUGkcshLxMg9HDFxG3KqavGWaWkJ8EpU8ojuig==",
      "requires": {
        "d3-path": "1 - 2"
      }
    },
    "d3-collection": {
      "version": "1.0.7",
      "resolved": "https://registry.npmjs.org/d3-collection/-/d3-collection-1.0.7.tgz",
      "integrity": "sha512-ii0/r5f4sjKNTfh84Di+DpztYwqKhEyUlKoPrzUFfeSkWxjW49xU2QzO9qrPrNkpdI0XJkfzvmTu8V2Zylln6A=="
    },
    "d3-color": {
      "version": "2.0.0",
      "resolved": "https://registry.npmjs.org/d3-color/-/d3-color-2.0.0.tgz",
      "integrity": "sha512-SPXi0TSKPD4g9tw0NMZFnR95XVgUZiBH+uUTqQuDu1OsE2zomHU7ho0FISciaPvosimixwHFl3WHLGabv6dDgQ=="
    },
    "d3-contour": {
      "version": "2.0.0",
      "resolved": "https://registry.npmjs.org/d3-contour/-/d3-contour-2.0.0.tgz",
      "integrity": "sha512-9unAtvIaNk06UwqBmvsdHX7CZ+NPDZnn8TtNH1myW93pWJkhsV25JcgnYAu0Ck5Veb1DHiCv++Ic5uvJ+h50JA==",
      "requires": {
        "d3-array": "2"
      }
    },
    "d3-delaunay": {
      "version": "5.3.0",
      "resolved": "https://registry.npmjs.org/d3-delaunay/-/d3-delaunay-5.3.0.tgz",
      "integrity": "sha512-amALSrOllWVLaHTnDLHwMIiz0d1bBu9gZXd1FiLfXf8sHcX9jrcj81TVZOqD4UX7MgBZZ07c8GxzEgBpJqc74w==",
      "requires": {
        "delaunator": "4"
      }
    },
    "d3-dispatch": {
      "version": "2.0.0",
      "resolved": "https://registry.npmjs.org/d3-dispatch/-/d3-dispatch-2.0.0.tgz",
      "integrity": "sha512-S/m2VsXI7gAti2pBoLClFFTMOO1HTtT0j99AuXLoGFKO6deHDdnv6ZGTxSTTUTgO1zVcv82fCOtDjYK4EECmWA=="
    },
    "d3-drag": {
      "version": "2.0.0",
      "resolved": "https://registry.npmjs.org/d3-drag/-/d3-drag-2.0.0.tgz",
      "integrity": "sha512-g9y9WbMnF5uqB9qKqwIIa/921RYWzlUDv9Jl1/yONQwxbOfszAWTCm8u7HOTgJgRDXiRZN56cHT9pd24dmXs8w==",
      "requires": {
        "d3-dispatch": "1 - 2",
        "d3-selection": "2"
      }
    },
    "d3-dsv": {
      "version": "2.0.0",
      "resolved": "https://registry.npmjs.org/d3-dsv/-/d3-dsv-2.0.0.tgz",
      "integrity": "sha512-E+Pn8UJYx9mViuIUkoc93gJGGYut6mSDKy2+XaPwccwkRGlR+LO97L2VCCRjQivTwLHkSnAJG7yo00BWY6QM+w==",
      "requires": {
        "commander": "2",
        "iconv-lite": "0.4",
        "rw": "1"
      }
    },
    "d3-ease": {
      "version": "2.0.0",
      "resolved": "https://registry.npmjs.org/d3-ease/-/d3-ease-2.0.0.tgz",
      "integrity": "sha512-68/n9JWarxXkOWMshcT5IcjbB+agblQUaIsbnXmrzejn2O82n3p2A9R2zEB9HIEFWKFwPAEDDN8gR0VdSAyyAQ=="
    },
    "d3-fetch": {
      "version": "2.0.0",
      "resolved": "https://registry.npmjs.org/d3-fetch/-/d3-fetch-2.0.0.tgz",
      "integrity": "sha512-TkYv/hjXgCryBeNKiclrwqZH7Nb+GaOwo3Neg24ZVWA3MKB+Rd+BY84Nh6tmNEMcjUik1CSUWjXYndmeO6F7sw==",
      "requires": {
        "d3-dsv": "1 - 2"
      }
    },
    "d3-force": {
      "version": "2.1.1",
      "resolved": "https://registry.npmjs.org/d3-force/-/d3-force-2.1.1.tgz",
      "integrity": "sha512-nAuHEzBqMvpFVMf9OX75d00OxvOXdxY+xECIXjW6Gv8BRrXu6gAWbv/9XKrvfJ5i5DCokDW7RYE50LRoK092ew==",
      "requires": {
        "d3-dispatch": "1 - 2",
        "d3-quadtree": "1 - 2",
        "d3-timer": "1 - 2"
      }
    },
    "d3-format": {
      "version": "2.0.0",
      "resolved": "https://registry.npmjs.org/d3-format/-/d3-format-2.0.0.tgz",
      "integrity": "sha512-Ab3S6XuE/Q+flY96HXT0jOXcM4EAClYFnRGY5zsjRGNy6qCYrQsMffs7cV5Q9xejb35zxW5hf/guKw34kvIKsA=="
    },
    "d3-geo": {
      "version": "2.0.1",
      "resolved": "https://registry.npmjs.org/d3-geo/-/d3-geo-2.0.1.tgz",
      "integrity": "sha512-M6yzGbFRfxzNrVhxDJXzJqSLQ90q1cCyb3EWFZ1LF4eWOBYxFypw7I/NFVBNXKNqxv1bqLathhYvdJ6DC+th3A==",
      "requires": {
        "d3-array": ">=2.5"
      }
    },
    "d3-hierarchy": {
      "version": "2.0.0",
      "resolved": "https://registry.npmjs.org/d3-hierarchy/-/d3-hierarchy-2.0.0.tgz",
      "integrity": "sha512-SwIdqM3HxQX2214EG9GTjgmCc/mbSx4mQBn+DuEETubhOw6/U3fmnji4uCVrmzOydMHSO1nZle5gh6HB/wdOzw=="
    },
    "d3-interpolate": {
      "version": "2.0.1",
      "resolved": "https://registry.npmjs.org/d3-interpolate/-/d3-interpolate-2.0.1.tgz",
      "integrity": "sha512-c5UhwwTs/yybcmTpAVqwSFl6vrQ8JZJoT5F7xNFK9pymv5C0Ymcc9/LIJHtYIggg/yS9YHw8i8O8tgb9pupjeQ==",
      "requires": {
        "d3-color": "1 - 2"
      }
    },
    "d3-path": {
      "version": "2.0.0",
      "resolved": "https://registry.npmjs.org/d3-path/-/d3-path-2.0.0.tgz",
      "integrity": "sha512-ZwZQxKhBnv9yHaiWd6ZU4x5BtCQ7pXszEV9CU6kRgwIQVQGLMv1oiL4M+MK/n79sYzsj+gcgpPQSctJUsLN7fA=="
    },
    "d3-polygon": {
      "version": "2.0.0",
      "resolved": "https://registry.npmjs.org/d3-polygon/-/d3-polygon-2.0.0.tgz",
      "integrity": "sha512-MsexrCK38cTGermELs0cO1d79DcTsQRN7IWMJKczD/2kBjzNXxLUWP33qRF6VDpiLV/4EI4r6Gs0DAWQkE8pSQ=="
    },
    "d3-quadtree": {
      "version": "2.0.0",
      "resolved": "https://registry.npmjs.org/d3-quadtree/-/d3-quadtree-2.0.0.tgz",
      "integrity": "sha512-b0Ed2t1UUalJpc3qXzKi+cPGxeXRr4KU9YSlocN74aTzp6R/Ud43t79yLLqxHRWZfsvWXmbDWPpoENK1K539xw=="
    },
    "d3-random": {
      "version": "2.2.2",
      "resolved": "https://registry.npmjs.org/d3-random/-/d3-random-2.2.2.tgz",
      "integrity": "sha512-0D9P8TRj6qDAtHhRQn6EfdOtHMfsUWanl3yb/84C4DqpZ+VsgfI5iTVRNRbELCfNvRfpMr8OrqqUTQ6ANGCijw=="
    },
    "d3-scale": {
      "version": "3.2.3",
      "resolved": "https://registry.npmjs.org/d3-scale/-/d3-scale-3.2.3.tgz",
      "integrity": "sha512-8E37oWEmEzj57bHcnjPVOBS3n4jqakOeuv1EDdQSiSrYnMCBdMd3nc4HtKk7uia8DUHcY/CGuJ42xxgtEYrX0g==",
      "requires": {
        "d3-array": "^2.3.0",
        "d3-format": "1 - 2",
        "d3-interpolate": "1.2.0 - 2",
        "d3-time": "1 - 2",
        "d3-time-format": "2 - 3"
      }
    },
    "d3-scale-chromatic": {
      "version": "2.0.0",
      "resolved": "https://registry.npmjs.org/d3-scale-chromatic/-/d3-scale-chromatic-2.0.0.tgz",
      "integrity": "sha512-LLqy7dJSL8yDy7NRmf6xSlsFZ6zYvJ4BcWFE4zBrOPnQERv9zj24ohnXKRbyi9YHnYV+HN1oEO3iFK971/gkzA==",
      "requires": {
        "d3-color": "1 - 2",
        "d3-interpolate": "1 - 2"
      }
    },
    "d3-selection": {
      "version": "2.0.0",
      "resolved": "https://registry.npmjs.org/d3-selection/-/d3-selection-2.0.0.tgz",
      "integrity": "sha512-XoGGqhLUN/W14NmaqcO/bb1nqjDAw5WtSYb2X8wiuQWvSZUsUVYsOSkOybUrNvcBjaywBdYPy03eXHMXjk9nZA=="
    },
    "d3-shape": {
      "version": "2.0.0",
      "resolved": "https://registry.npmjs.org/d3-shape/-/d3-shape-2.0.0.tgz",
      "integrity": "sha512-djpGlA779ua+rImicYyyjnOjeubyhql1Jyn1HK0bTyawuH76UQRWXd+pftr67H6Fa8hSwetkgb/0id3agKWykw==",
      "requires": {
        "d3-path": "1 - 2"
      }
    },
    "d3-time": {
      "version": "2.0.0",
      "resolved": "https://registry.npmjs.org/d3-time/-/d3-time-2.0.0.tgz",
      "integrity": "sha512-2mvhstTFcMvwStWd9Tj3e6CEqtOivtD8AUiHT8ido/xmzrI9ijrUUihZ6nHuf/vsScRBonagOdj0Vv+SEL5G3Q=="
    },
    "d3-time-format": {
      "version": "3.0.0",
      "resolved": "https://registry.npmjs.org/d3-time-format/-/d3-time-format-3.0.0.tgz",
      "integrity": "sha512-UXJh6EKsHBTjopVqZBhFysQcoXSv/5yLONZvkQ5Kk3qbwiUYkdX17Xa1PT6U1ZWXGGfB1ey5L8dKMlFq2DO0Ag==",
      "requires": {
        "d3-time": "1 - 2"
      }
    },
    "d3-timer": {
      "version": "2.0.0",
      "resolved": "https://registry.npmjs.org/d3-timer/-/d3-timer-2.0.0.tgz",
      "integrity": "sha512-TO4VLh0/420Y/9dO3+f9abDEFYeCUr2WZRlxJvbp4HPTQcSylXNiL6yZa9FIUvV1yRiFufl1bszTCLDqv9PWNA=="
    },
    "d3-transition": {
      "version": "2.0.0",
      "resolved": "https://registry.npmjs.org/d3-transition/-/d3-transition-2.0.0.tgz",
      "integrity": "sha512-42ltAGgJesfQE3u9LuuBHNbGrI/AJjNL2OAUdclE70UE6Vy239GCBEYD38uBPoLeNsOhFStGpPI0BAOV+HMxog==",
      "requires": {
        "d3-color": "1 - 2",
        "d3-dispatch": "1 - 2",
        "d3-ease": "1 - 2",
        "d3-interpolate": "1 - 2",
        "d3-timer": "1 - 2"
      }
    },
    "d3-voronoi": {
      "version": "1.1.4",
      "resolved": "https://registry.npmjs.org/d3-voronoi/-/d3-voronoi-1.1.4.tgz",
      "integrity": "sha512-dArJ32hchFsrQ8uMiTBLq256MpnZjeuBtdHpaDlYuQyjU0CVzCJl/BVW+SkszaAeH95D/8gxqAhgx0ouAWAfRg=="
    },
    "d3-zoom": {
      "version": "2.0.0",
      "resolved": "https://registry.npmjs.org/d3-zoom/-/d3-zoom-2.0.0.tgz",
      "integrity": "sha512-fFg7aoaEm9/jf+qfstak0IYpnesZLiMX6GZvXtUSdv8RH2o4E2qeelgdU09eKS6wGuiGMfcnMI0nTIqWzRHGpw==",
      "requires": {
        "d3-dispatch": "1 - 2",
        "d3-drag": "2",
        "d3-interpolate": "1 - 2",
        "d3-selection": "2",
        "d3-transition": "2"
      }
    },
    "delaunator": {
      "version": "4.0.1",
      "resolved": "https://registry.npmjs.org/delaunator/-/delaunator-4.0.1.tgz",
      "integrity": "sha512-WNPWi1IRKZfCt/qIDMfERkDp93+iZEmOxN2yy4Jg+Xhv8SLk2UTqqbe1sfiipn0and9QrE914/ihdx82Y/Giag=="
    },
    "delaunay-find": {
      "version": "0.0.5",
      "resolved": "https://registry.npmjs.org/delaunay-find/-/delaunay-find-0.0.5.tgz",
      "integrity": "sha512-7yAJ/wmKWj3SgqjtkGqT/RCwI0HWAo5YnHMoF5nYXD8cdci+YSo23iPmgrZUNOpDxRWN91PqxUvMMr2lKpjr+w==",
      "requires": {
        "delaunator": "^4.0.0"
      }
    },
    "iconv-lite": {
      "version": "0.4.24",
      "resolved": "https://registry.npmjs.org/iconv-lite/-/iconv-lite-0.4.24.tgz",
      "integrity": "sha512-v3MXnZAcvnywkTUEZomIActle7RXXeedOR31wwl7VlyoXO4Qi9arvSenNQWne1TcRwhCL1HwLI21bEqdpj8/rA==",
      "requires": {
        "safer-buffer": ">= 2.1.2 < 3"
      }
    },
    "js-tokens": {
      "version": "4.0.0",
      "resolved": "https://registry.npmjs.org/js-tokens/-/js-tokens-4.0.0.tgz",
      "integrity": "sha512-RdJUflcE3cUzKiMqQgsCu06FPu9UdIJO0beYbPhHN4k6apgJtifcoCtT9bcxOpYBtpD2kCM6Sbzg4CausW/PKQ=="
    },
    "json-stringify-safe": {
      "version": "5.0.1",
      "resolved": "https://registry.npmjs.org/json-stringify-safe/-/json-stringify-safe-5.0.1.tgz",
      "integrity": "sha1-Epai1Y/UXxmg9s4B1lcB4sc1tus="
    },
    "lodash": {
      "version": "4.17.20",
      "resolved": "https://registry.npmjs.org/lodash/-/lodash-4.17.20.tgz",
      "integrity": "sha512-PlhdFcillOINfeV7Ni6oF1TAEayyZBoZ8bcshTHqOYJYlrqzRK5hagpagky5o4HfCzzd1TRkXPMFq6cKk9rGmA=="
    },
    "loose-envify": {
      "version": "1.4.0",
      "resolved": "https://registry.npmjs.org/loose-envify/-/loose-envify-1.4.0.tgz",
      "integrity": "sha512-lyuxPGr/Wfhrlem2CL/UcnUc1zcqKAImBDzukY7Y5F/yQiNdko6+fRLevlw1HgMySw7f611UIY408EtxRSoK3Q==",
      "requires": {
        "js-tokens": "^3.0.0 || ^4.0.0"
      }
    },
    "object-assign": {
      "version": "4.1.1",
      "resolved": "https://registry.npmjs.org/object-assign/-/object-assign-4.1.1.tgz",
      "integrity": "sha1-IQmtx5ZYh8/AXLvUQsrIv7s2CGM="
    },
    "prop-types": {
      "version": "15.7.2",
      "resolved": "https://registry.npmjs.org/prop-types/-/prop-types-15.7.2.tgz",
      "integrity": "sha512-8QQikdH7//R2vurIJSutZ1smHYTcLpRWEOlHnzcWHmBYrOGUysKwSsrC89BCiFj3CbrfJ/nXFdJepOVrY1GCHQ==",
      "requires": {
        "loose-envify": "^1.4.0",
        "object-assign": "^4.1.1",
        "react-is": "^16.8.1"
      }
    },
    "react-fast-compare": {
      "version": "2.0.4",
      "resolved": "https://registry.npmjs.org/react-fast-compare/-/react-fast-compare-2.0.4.tgz",
      "integrity": "sha512-suNP+J1VU1MWFKcyt7RtjiSWUjvidmQSlqu+eHslq+342xCbGTYmC0mEhPCOHxlW0CywylOC1u2DFAT+bv4dBw=="
    },
    "react-is": {
      "version": "16.13.1",
      "resolved": "https://registry.npmjs.org/react-is/-/react-is-16.13.1.tgz",
      "integrity": "sha512-24e6ynE2H+OKt4kqsOvNd8kBpV65zoxbA4BVsEOB3ARVWQki/DHzaUoC5KuON/BiccDaCCTZBuOcfZs70kR8bQ=="
    },
    "react-leaflet-choropleth": {
      "version": "2.0.1",
      "resolved": "https://registry.npmjs.org/react-leaflet-choropleth/-/react-leaflet-choropleth-2.0.1.tgz",
      "integrity": "sha512-OACZWbcPgQ+WI2LxI6xalHQukTcHAolcSd+ZbNtNmMOK4xN1ITWRPb8bFIPlVmofh6iYFv7SGlz8YrkjeDSQ5g==",
      "requires": {
        "chroma-js": "1.1.1"
      }
    },
    "regenerator-runtime": {
      "version": "0.13.7",
      "resolved": "https://registry.npmjs.org/regenerator-runtime/-/regenerator-runtime-0.13.7.tgz",
      "integrity": "sha512-a54FxoJDIr27pgf7IgeQGxmqUNYrcV338lf/6gH456HZ/PhX+5BcwHXG9ajESmwe6WRO0tAzRUrRmNONWgkrew=="
    },
    "rw": {
      "version": "1.3.3",
      "resolved": "https://registry.npmjs.org/rw/-/rw-1.3.3.tgz",
      "integrity": "sha1-P4Yt+pGrdmsUiF700BEkv9oHT7Q="
    },
    "safer-buffer": {
      "version": "2.1.2",
      "resolved": "https://registry.npmjs.org/safer-buffer/-/safer-buffer-2.1.2.tgz",
      "integrity": "sha512-YZo3K82SD7Riyi0E1EQPojLz7kpepnSQI9IyPbHHg1XXXevb5dJI7tpyN2ADxGcQbHG7vcyRHk0cbwqcQriUtg=="
    },
    "victory": {
      "version": "35.4.0",
      "resolved": "https://registry.npmjs.org/victory/-/victory-35.4.0.tgz",
      "integrity": "sha512-3US0vTBShoheM+LW26LBqsOxOyguSsO5yZ+yVHGZ5b+VKtCo6gb4xbqDtUzoHdO9K86V3IbC3vv2jsdSU/wFqA==",
      "requires": {
        "victory-area": "^35.4.0",
        "victory-axis": "^35.4.0",
        "victory-bar": "^35.4.0",
        "victory-box-plot": "^35.4.0",
        "victory-brush-container": "^35.4.0",
        "victory-brush-line": "^35.4.0",
        "victory-candlestick": "^35.4.0",
        "victory-chart": "^35.4.0",
        "victory-core": "^35.4.0",
        "victory-create-container": "^35.4.0",
        "victory-cursor-container": "^35.4.0",
        "victory-errorbar": "^35.4.0",
        "victory-group": "^35.4.0",
        "victory-histogram": "^35.4.0",
        "victory-legend": "^35.4.0",
        "victory-line": "^35.4.0",
        "victory-pie": "^35.4.0",
        "victory-polar-axis": "^35.4.0",
        "victory-scatter": "^35.4.0",
        "victory-selection-container": "^35.4.0",
        "victory-shared-events": "^35.4.0",
        "victory-stack": "^35.4.0",
        "victory-tooltip": "^35.4.0",
        "victory-voronoi": "^35.4.0",
        "victory-voronoi-container": "^35.4.0",
        "victory-zoom-container": "^35.4.0"
      }
    },
    "victory-area": {
      "version": "35.4.0",
      "resolved": "https://registry.npmjs.org/victory-area/-/victory-area-35.4.0.tgz",
      "integrity": "sha512-+0ggLzx65isV5xjzBJgF1d4uaBvFXLzZ6Qy2QXy/PPxptP5IjYs9zBfuVhPRLxPeTXvRZvvY36xVEdv17lQKjQ==",
      "requires": {
        "d3-shape": "^1.2.0",
        "lodash": "^4.17.19",
        "prop-types": "^15.5.8",
        "victory-core": "^35.4.0"
      },
      "dependencies": {
        "d3-path": {
          "version": "1.0.9",
          "resolved": "https://registry.npmjs.org/d3-path/-/d3-path-1.0.9.tgz",
          "integrity": "sha512-VLaYcn81dtHVTjEHd8B+pbe9yHWpXKZUC87PzoFmsFrJqgFwDe/qxfp5MlfsfM1V5E/iVt0MmEbWQ7FVIXh/bg=="
        },
        "d3-shape": {
          "version": "1.3.7",
          "resolved": "https://registry.npmjs.org/d3-shape/-/d3-shape-1.3.7.tgz",
          "integrity": "sha512-EUkvKjqPFUAZyOlhY5gzCxCeI0Aep04LwIRpsZ/mLFelJiUfnK56jo5JMDSE7yyP2kLSb6LtF+S5chMk7uqPqw==",
          "requires": {
            "d3-path": "1"
          }
        }
      }
    },
    "victory-axis": {
      "version": "35.4.0",
      "resolved": "https://registry.npmjs.org/victory-axis/-/victory-axis-35.4.0.tgz",
      "integrity": "sha512-TCTEHzF6FYsBmGkZegXdjW9vEYR9VAlUIVow1Uwagv5AL9fC6wHuHHFSr8Al+aQqK7vmWD/Cmvr82nr+6R+FiQ==",
      "requires": {
        "lodash": "^4.17.19",
        "prop-types": "^15.5.8",
        "victory-core": "^35.4.0"
      }
    },
    "victory-bar": {
      "version": "35.4.0",
      "resolved": "https://registry.npmjs.org/victory-bar/-/victory-bar-35.4.0.tgz",
      "integrity": "sha512-W65Y8JRMgAs6wsQIprr117qSd//VJ2pUPaDjPvHXiDPSLOKlANOFG3WHKx/foh7LkteajsnRluZc5Ck7PlDyAg==",
      "requires": {
        "d3-shape": "^1.2.0",
        "lodash": "^4.17.19",
        "prop-types": "^15.5.8",
        "victory-core": "^35.4.0"
      },
      "dependencies": {
        "d3-path": {
          "version": "1.0.9",
          "resolved": "https://registry.npmjs.org/d3-path/-/d3-path-1.0.9.tgz",
          "integrity": "sha512-VLaYcn81dtHVTjEHd8B+pbe9yHWpXKZUC87PzoFmsFrJqgFwDe/qxfp5MlfsfM1V5E/iVt0MmEbWQ7FVIXh/bg=="
        },
        "d3-shape": {
          "version": "1.3.7",
          "resolved": "https://registry.npmjs.org/d3-shape/-/d3-shape-1.3.7.tgz",
          "integrity": "sha512-EUkvKjqPFUAZyOlhY5gzCxCeI0Aep04LwIRpsZ/mLFelJiUfnK56jo5JMDSE7yyP2kLSb6LtF+S5chMk7uqPqw==",
          "requires": {
            "d3-path": "1"
          }
        }
      }
    },
    "victory-box-plot": {
      "version": "35.4.0",
      "resolved": "https://registry.npmjs.org/victory-box-plot/-/victory-box-plot-35.4.0.tgz",
      "integrity": "sha512-YE4uAB3IFj3Zc4OX2Hmqh0SybfNwtdj/9gFZPu9erHs/JYvugfaGsDBbyRoBCp8bGpjCH2HLZHkSCLLCWA2f+A==",
      "requires": {
        "d3-array": "^1.2.0",
        "lodash": "^4.17.19",
        "prop-types": "^15.5.8",
        "victory-core": "^35.4.0"
      },
      "dependencies": {
        "d3-array": {
          "version": "1.2.4",
          "resolved": "https://registry.npmjs.org/d3-array/-/d3-array-1.2.4.tgz",
          "integrity": "sha512-KHW6M86R+FUPYGb3R5XiYjXPq7VzwxZ22buHhAEVG5ztoEcZZMLov530mmccaqA1GghZArjQV46fuc8kUqhhHw=="
        }
      }
    },
    "victory-brush-container": {
      "version": "35.4.0",
      "resolved": "https://registry.npmjs.org/victory-brush-container/-/victory-brush-container-35.4.0.tgz",
      "integrity": "sha512-zs7gpoQzKME71NkSb2fFIc1AdsyHY4cOkxQncjtY1jiom9xPflHH+TnQ1RDndapZgasW+xEsnGxnnFjhcR7vuQ==",
      "requires": {
        "lodash": "^4.17.19",
        "prop-types": "^15.5.8",
        "react-fast-compare": "^2.0.0",
        "victory-core": "^35.4.0"
      }
    },
    "victory-brush-line": {
      "version": "35.4.0",
      "resolved": "https://registry.npmjs.org/victory-brush-line/-/victory-brush-line-35.4.0.tgz",
      "integrity": "sha512-sSzMCR3g+fU9ZPmdmOS7DaMIla2ZSfCS5tb1hJDDuQGx4w71+1aPBj3h9acToRuwsUZIgmsR7AYpuXAqCxrxxA==",
      "requires": {
        "lodash": "^4.17.19",
        "prop-types": "^15.5.8",
        "react-fast-compare": "^2.0.0",
        "victory-core": "^35.4.0"
      }
    },
    "victory-candlestick": {
      "version": "35.4.0",
      "resolved": "https://registry.npmjs.org/victory-candlestick/-/victory-candlestick-35.4.0.tgz",
      "integrity": "sha512-VeoiAM6bdm0WcQBBfYP6LE+jlar8YvP/8/1lHfq7CTm4F5ukxlI+rihG/mCaLAiKlrv/tvzad94RVVRTG8yCwQ==",
      "requires": {
        "lodash": "^4.17.19",
        "prop-types": "^15.5.8",
        "victory-core": "^35.4.0"
      }
    },
    "victory-chart": {
      "version": "35.4.0",
      "resolved": "https://registry.npmjs.org/victory-chart/-/victory-chart-35.4.0.tgz",
      "integrity": "sha512-2SUDS12Y+EYg92Dxs0cghkkfVfC952iNpHcLyIzzp6Q/aZGriqmyit0MfA26EA5fOO/MyqyRLNsmBTeKR69MbQ==",
      "requires": {
        "lodash": "^4.17.19",
        "prop-types": "^15.5.8",
        "react-fast-compare": "^2.0.0",
        "victory-axis": "^35.4.0",
        "victory-core": "^35.4.0",
        "victory-polar-axis": "^35.4.0",
        "victory-shared-events": "^35.4.0"
      }
    },
    "victory-core": {
      "version": "35.4.0",
      "resolved": "https://registry.npmjs.org/victory-core/-/victory-core-35.4.0.tgz",
      "integrity": "sha512-jHZZtvyIlqIDXucwjlDI7wwryB5gjB1MQ2MX/ZkEgeLDc6XJ+/C+uZp3tgrB4X1WY8A16xkUIv0JS67duOl/Qw==",
      "requires": {
        "d3-ease": "^1.0.0",
        "d3-interpolate": "^1.1.1",
        "d3-scale": "^1.0.0",
        "d3-shape": "^1.2.0",
        "d3-timer": "^1.0.0",
        "lodash": "^4.17.19",
        "prop-types": "^15.5.8",
        "react-fast-compare": "^2.0.0"
      },
      "dependencies": {
        "d3-array": {
          "version": "1.2.4",
          "resolved": "https://registry.npmjs.org/d3-array/-/d3-array-1.2.4.tgz",
          "integrity": "sha512-KHW6M86R+FUPYGb3R5XiYjXPq7VzwxZ22buHhAEVG5ztoEcZZMLov530mmccaqA1GghZArjQV46fuc8kUqhhHw=="
        },
        "d3-color": {
          "version": "1.4.1",
          "resolved": "https://registry.npmjs.org/d3-color/-/d3-color-1.4.1.tgz",
          "integrity": "sha512-p2sTHSLCJI2QKunbGb7ocOh7DgTAn8IrLx21QRc/BSnodXM4sv6aLQlnfpvehFMLZEfBc6g9pH9SWQccFYfJ9Q=="
        },
        "d3-ease": {
          "version": "1.0.7",
          "resolved": "https://registry.npmjs.org/d3-ease/-/d3-ease-1.0.7.tgz",
          "integrity": "sha512-lx14ZPYkhNx0s/2HX5sLFUI3mbasHjSSpwO/KaaNACweVwxUruKyWVcb293wMv1RqTPZyZ8kSZ2NogUZNcLOFQ=="
        },
        "d3-format": {
          "version": "1.4.5",
          "resolved": "https://registry.npmjs.org/d3-format/-/d3-format-1.4.5.tgz",
          "integrity": "sha512-J0piedu6Z8iB6TbIGfZgDzfXxUFN3qQRMofy2oPdXzQibYGqPB/9iMcxr/TGalU+2RsyDO+U4f33id8tbnSRMQ=="
        },
        "d3-interpolate": {
          "version": "1.4.0",
          "resolved": "https://registry.npmjs.org/d3-interpolate/-/d3-interpolate-1.4.0.tgz",
          "integrity": "sha512-V9znK0zc3jOPV4VD2zZn0sDhZU3WAE2bmlxdIwwQPPzPjvyLkd8B3JUVdS1IDUFDkWZ72c9qnv1GK2ZagTZ8EA==",
          "requires": {
            "d3-color": "1"
          }
        },
        "d3-path": {
          "version": "1.0.9",
          "resolved": "https://registry.npmjs.org/d3-path/-/d3-path-1.0.9.tgz",
          "integrity": "sha512-VLaYcn81dtHVTjEHd8B+pbe9yHWpXKZUC87PzoFmsFrJqgFwDe/qxfp5MlfsfM1V5E/iVt0MmEbWQ7FVIXh/bg=="
        },
        "d3-scale": {
          "version": "1.0.7",
          "resolved": "https://registry.npmjs.org/d3-scale/-/d3-scale-1.0.7.tgz",
          "integrity": "sha512-KvU92czp2/qse5tUfGms6Kjig0AhHOwkzXG0+PqIJB3ke0WUv088AHMZI0OssO9NCkXt4RP8yju9rpH8aGB7Lw==",
          "requires": {
            "d3-array": "^1.2.0",
            "d3-collection": "1",
            "d3-color": "1",
            "d3-format": "1",
            "d3-interpolate": "1",
            "d3-time": "1",
            "d3-time-format": "2"
          }
        },
        "d3-shape": {
          "version": "1.3.7",
          "resolved": "https://registry.npmjs.org/d3-shape/-/d3-shape-1.3.7.tgz",
          "integrity": "sha512-EUkvKjqPFUAZyOlhY5gzCxCeI0Aep04LwIRpsZ/mLFelJiUfnK56jo5JMDSE7yyP2kLSb6LtF+S5chMk7uqPqw==",
          "requires": {
            "d3-path": "1"
          }
        },
        "d3-time": {
          "version": "1.1.0",
          "resolved": "https://registry.npmjs.org/d3-time/-/d3-time-1.1.0.tgz",
          "integrity": "sha512-Xh0isrZ5rPYYdqhAVk8VLnMEidhz5aP7htAADH6MfzgmmicPkTo8LhkLxci61/lCB7n7UmE3bN0leRt+qvkLxA=="
        },
        "d3-time-format": {
          "version": "2.3.0",
          "resolved": "https://registry.npmjs.org/d3-time-format/-/d3-time-format-2.3.0.tgz",
          "integrity": "sha512-guv6b2H37s2Uq/GefleCDtbe0XZAuy7Wa49VGkPVPMfLL9qObgBST3lEHJBMUp8S7NdLQAGIvr2KXk8Hc98iKQ==",
          "requires": {
            "d3-time": "1"
          }
        },
        "d3-timer": {
          "version": "1.0.10",
          "resolved": "https://registry.npmjs.org/d3-timer/-/d3-timer-1.0.10.tgz",
          "integrity": "sha512-B1JDm0XDaQC+uvo4DT79H0XmBskgS3l6Ve+1SBCfxgmtIb1AVrPIoqd+nPSv+loMX8szQ0sVUhGngL7D5QPiXw=="
        }
      }
    },
    "victory-create-container": {
      "version": "35.4.0",
      "resolved": "https://registry.npmjs.org/victory-create-container/-/victory-create-container-35.4.0.tgz",
      "integrity": "sha512-xLkp7JhHgJ07Q+5APlZgupINQ0xcSpsxhA7cko7CuBxOncF9nnsnVt+1YJmclkfcDfwvpIkYjyw1scV2nhftGw==",
      "requires": {
        "lodash": "^4.17.19",
        "victory-brush-container": "^35.4.0",
        "victory-core": "^35.4.0",
        "victory-cursor-container": "^35.4.0",
        "victory-selection-container": "^35.4.0",
        "victory-voronoi-container": "^35.4.0",
        "victory-zoom-container": "^35.4.0"
      }
    },
    "victory-cursor-container": {
      "version": "35.4.0",
      "resolved": "https://registry.npmjs.org/victory-cursor-container/-/victory-cursor-container-35.4.0.tgz",
      "integrity": "sha512-oDLkaDEJ144nSKdVCpQABcWGLG8XmqUIgYS8jLkKPBp3KfDZiYmgZyq4KEPpx4jyxOHmEhrYgcERridsx/+FPQ==",
      "requires": {
        "lodash": "^4.17.19",
        "prop-types": "^15.5.8",
        "victory-core": "^35.4.0"
      }
    },
    "victory-errorbar": {
      "version": "35.4.0",
      "resolved": "https://registry.npmjs.org/victory-errorbar/-/victory-errorbar-35.4.0.tgz",
      "integrity": "sha512-J/ACSOpCrgQJf60NQRetreUSNxX90qls3JzeOyd7YXYXHgeW6Cp6VMIL/2vbQ9T8CGh3MGTkNISgNT3ifDgerA==",
      "requires": {
        "lodash": "^4.17.19",
        "prop-types": "^15.5.8",
        "victory-core": "^35.4.0"
      }
    },
    "victory-group": {
      "version": "35.4.0",
      "resolved": "https://registry.npmjs.org/victory-group/-/victory-group-35.4.0.tgz",
      "integrity": "sha512-VKsXhPlkWhgNv0ITiO74FeQP0oZIstWBH/hxnzdUbjJQQEGfY7VHeIRsmEWzeLIGwA/iMXMxGPKOcSouNALUog==",
      "requires": {
        "lodash": "^4.17.19",
        "prop-types": "^15.5.8",
        "react-fast-compare": "^2.0.0",
        "victory-core": "^35.4.0",
        "victory-shared-events": "^35.4.0"
      }
    },
    "victory-histogram": {
      "version": "35.4.0",
      "resolved": "https://registry.npmjs.org/victory-histogram/-/victory-histogram-35.4.0.tgz",
      "integrity": "sha512-TfSL53Nhy/Bmmjbm5TOhxfciYnOUL7ZW5jSXYo0PyL7c95sYZto2tWupZ9pcrorTgrOWTpp4b4GBW/0X39oV/w==",
      "requires": {
        "d3-array": "^2.4.0",
        "d3-scale": "^1.0.0",
        "lodash": "^4.17.19",
        "prop-types": "^15.5.8",
        "react-fast-compare": "^2.0.0",
        "victory-bar": "^35.4.0",
        "victory-core": "^35.4.0"
      },
      "dependencies": {
        "d3-color": {
          "version": "1.4.1",
          "resolved": "https://registry.npmjs.org/d3-color/-/d3-color-1.4.1.tgz",
          "integrity": "sha512-p2sTHSLCJI2QKunbGb7ocOh7DgTAn8IrLx21QRc/BSnodXM4sv6aLQlnfpvehFMLZEfBc6g9pH9SWQccFYfJ9Q=="
        },
        "d3-format": {
          "version": "1.4.5",
          "resolved": "https://registry.npmjs.org/d3-format/-/d3-format-1.4.5.tgz",
          "integrity": "sha512-J0piedu6Z8iB6TbIGfZgDzfXxUFN3qQRMofy2oPdXzQibYGqPB/9iMcxr/TGalU+2RsyDO+U4f33id8tbnSRMQ=="
        },
        "d3-interpolate": {
          "version": "1.4.0",
          "resolved": "https://registry.npmjs.org/d3-interpolate/-/d3-interpolate-1.4.0.tgz",
          "integrity": "sha512-V9znK0zc3jOPV4VD2zZn0sDhZU3WAE2bmlxdIwwQPPzPjvyLkd8B3JUVdS1IDUFDkWZ72c9qnv1GK2ZagTZ8EA==",
          "requires": {
            "d3-color": "1"
          }
        },
        "d3-scale": {
          "version": "1.0.7",
          "resolved": "https://registry.npmjs.org/d3-scale/-/d3-scale-1.0.7.tgz",
          "integrity": "sha512-KvU92czp2/qse5tUfGms6Kjig0AhHOwkzXG0+PqIJB3ke0WUv088AHMZI0OssO9NCkXt4RP8yju9rpH8aGB7Lw==",
          "requires": {
            "d3-array": "^1.2.0",
            "d3-collection": "1",
            "d3-color": "1",
            "d3-format": "1",
            "d3-interpolate": "1",
            "d3-time": "1",
            "d3-time-format": "2"
          },
          "dependencies": {
            "d3-array": {
              "version": "1.2.4",
              "resolved": "https://registry.npmjs.org/d3-array/-/d3-array-1.2.4.tgz",
              "integrity": "sha512-KHW6M86R+FUPYGb3R5XiYjXPq7VzwxZ22buHhAEVG5ztoEcZZMLov530mmccaqA1GghZArjQV46fuc8kUqhhHw=="
            }
          }
        },
        "d3-time": {
          "version": "1.1.0",
          "resolved": "https://registry.npmjs.org/d3-time/-/d3-time-1.1.0.tgz",
          "integrity": "sha512-Xh0isrZ5rPYYdqhAVk8VLnMEidhz5aP7htAADH6MfzgmmicPkTo8LhkLxci61/lCB7n7UmE3bN0leRt+qvkLxA=="
        },
        "d3-time-format": {
          "version": "2.3.0",
          "resolved": "https://registry.npmjs.org/d3-time-format/-/d3-time-format-2.3.0.tgz",
          "integrity": "sha512-guv6b2H37s2Uq/GefleCDtbe0XZAuy7Wa49VGkPVPMfLL9qObgBST3lEHJBMUp8S7NdLQAGIvr2KXk8Hc98iKQ==",
          "requires": {
            "d3-time": "1"
          }
        }
      }
    },
    "victory-legend": {
      "version": "35.4.0",
      "resolved": "https://registry.npmjs.org/victory-legend/-/victory-legend-35.4.0.tgz",
      "integrity": "sha512-dHWPRg4whUuSR7NskuufsVG8ar3VbxPKE9/vIyp9sWJPDoDxfexsvlqYpOQTr6/QDzg8ujmNXqtsodrL1cLBow==",
      "requires": {
        "lodash": "^4.17.19",
        "prop-types": "^15.5.8",
        "victory-core": "^35.4.0"
      }
    },
    "victory-line": {
      "version": "35.4.0",
      "resolved": "https://registry.npmjs.org/victory-line/-/victory-line-35.4.0.tgz",
      "integrity": "sha512-xc0Y7bConDLa9uwsI6dCy7IIy2sY1jBGEEsOoZmL10EOvUw5j/6TQnoUu4D4vkKCHChid09yf3iiL7+vvjF9rg==",
      "requires": {
        "d3-shape": "^1.2.0",
        "lodash": "^4.17.19",
        "prop-types": "^15.5.8",
        "victory-core": "^35.4.0"
      },
      "dependencies": {
        "d3-path": {
          "version": "1.0.9",
          "resolved": "https://registry.npmjs.org/d3-path/-/d3-path-1.0.9.tgz",
          "integrity": "sha512-VLaYcn81dtHVTjEHd8B+pbe9yHWpXKZUC87PzoFmsFrJqgFwDe/qxfp5MlfsfM1V5E/iVt0MmEbWQ7FVIXh/bg=="
        },
        "d3-shape": {
          "version": "1.3.7",
          "resolved": "https://registry.npmjs.org/d3-shape/-/d3-shape-1.3.7.tgz",
          "integrity": "sha512-EUkvKjqPFUAZyOlhY5gzCxCeI0Aep04LwIRpsZ/mLFelJiUfnK56jo5JMDSE7yyP2kLSb6LtF+S5chMk7uqPqw==",
          "requires": {
            "d3-path": "1"
          }
        }
      }
    },
    "victory-pie": {
      "version": "35.4.0",
      "resolved": "https://registry.npmjs.org/victory-pie/-/victory-pie-35.4.0.tgz",
      "integrity": "sha512-j6PSpbSbPtNvMMknIs0xmIcQpgwFA17i/ESBf7r6UzjYGhEBL6QTeGm8Dlfyd0wFd15JsZCEhDDH73z3R6MYjQ==",
      "requires": {
        "d3-shape": "^1.0.0",
        "lodash": "^4.17.19",
        "prop-types": "^15.5.8",
        "victory-core": "^35.4.0"
      },
      "dependencies": {
        "d3-path": {
          "version": "1.0.9",
          "resolved": "https://registry.npmjs.org/d3-path/-/d3-path-1.0.9.tgz",
          "integrity": "sha512-VLaYcn81dtHVTjEHd8B+pbe9yHWpXKZUC87PzoFmsFrJqgFwDe/qxfp5MlfsfM1V5E/iVt0MmEbWQ7FVIXh/bg=="
        },
        "d3-shape": {
          "version": "1.3.7",
          "resolved": "https://registry.npmjs.org/d3-shape/-/d3-shape-1.3.7.tgz",
          "integrity": "sha512-EUkvKjqPFUAZyOlhY5gzCxCeI0Aep04LwIRpsZ/mLFelJiUfnK56jo5JMDSE7yyP2kLSb6LtF+S5chMk7uqPqw==",
          "requires": {
            "d3-path": "1"
          }
        }
      }
    },
    "victory-polar-axis": {
      "version": "35.4.0",
      "resolved": "https://registry.npmjs.org/victory-polar-axis/-/victory-polar-axis-35.4.0.tgz",
      "integrity": "sha512-Nq6AnxfFPhAyafk+3eq4zH5/xSmr765zSOPT/hbSEVF/a03TYi0jMa1DeVACJRj2MbJOx+ph6ZXOqR6H4mIIZQ==",
      "requires": {
        "lodash": "^4.17.19",
        "prop-types": "^15.5.8",
        "victory-core": "^35.4.0"
      }
    },
    "victory-scatter": {
      "version": "35.4.0",
      "resolved": "https://registry.npmjs.org/victory-scatter/-/victory-scatter-35.4.0.tgz",
      "integrity": "sha512-gHYz1RNEdRmwAT88eZ4m2szVNc66eGxzuBc5flNAEkYzd8jq6qNz3qiPCi/tc4PPKtsT5ddrbQOvjqGwHugNRA==",
      "requires": {
        "lodash": "^4.17.19",
        "prop-types": "^15.5.8",
        "victory-core": "^35.4.0"
      }
    },
    "victory-selection-container": {
      "version": "35.4.0",
      "resolved": "https://registry.npmjs.org/victory-selection-container/-/victory-selection-container-35.4.0.tgz",
      "integrity": "sha512-J+Vfscx22SpAIBh5iirEuorGhyjR7tdHYTOqZnBcGjTXtgLpVNk5lXJnhTLtAQclnWlXrsCYNAA+uxY8VxeCyw==",
      "requires": {
        "lodash": "^4.17.19",
        "prop-types": "^15.5.8",
        "victory-core": "^35.4.0"
      }
    },
    "victory-shared-events": {
      "version": "35.4.0",
      "resolved": "https://registry.npmjs.org/victory-shared-events/-/victory-shared-events-35.4.0.tgz",
      "integrity": "sha512-tosk52rPzAGZz7YKNC9AJOfpLiPl1sucMEh9f7KbPE9t5uB43ZqTiP3sxCC93tfrgOarYfWaC0oK96CDIXl7PA==",
      "requires": {
        "json-stringify-safe": "^5.0.1",
        "lodash": "^4.17.19",
        "prop-types": "^15.5.8",
        "react-fast-compare": "^2.0.0",
        "victory-core": "^35.4.0"
      }
    },
    "victory-stack": {
      "version": "35.4.0",
      "resolved": "https://registry.npmjs.org/victory-stack/-/victory-stack-35.4.0.tgz",
      "integrity": "sha512-2Uqy9fWRr3gOLhcvrxnyOSbx1/iOQ2qPeNBzrjVQTbueIQEtMyhvsSLZCS/KJckgX1nMegr8CR5Oggenhqd76g==",
      "requires": {
        "lodash": "^4.17.19",
        "prop-types": "^15.5.8",
        "react-fast-compare": "^2.0.0",
        "victory-core": "^35.4.0",
        "victory-shared-events": "^35.4.0"
      }
    },
    "victory-tooltip": {
      "version": "35.4.0",
      "resolved": "https://registry.npmjs.org/victory-tooltip/-/victory-tooltip-35.4.0.tgz",
      "integrity": "sha512-pQn8XacxC3fEXe5OjA0PitBeLdd/+pFbaMfk1tJ7i+AuQgtL651McWtzCUXbJZXPN83udUKQ81ByRTWHD4Wq1Q==",
      "requires": {
        "lodash": "^4.17.19",
        "prop-types": "^15.5.8",
        "victory-core": "^35.4.0"
      }
    },
    "victory-voronoi": {
      "version": "35.4.0",
      "resolved": "https://registry.npmjs.org/victory-voronoi/-/victory-voronoi-35.4.0.tgz",
      "integrity": "sha512-6PhhbsU0/aYK/9O5/gDzIykA5Tu8EpWYFjO3WruTqM3XChFq/p8mEo8MhDTNxZpR3MgmjkANQJIdQhob4qnGoA==",
      "requires": {
        "d3-voronoi": "^1.1.2",
        "lodash": "^4.17.19",
        "prop-types": "^15.5.8",
        "victory-core": "^35.4.0"
      }
    },
    "victory-voronoi-container": {
      "version": "35.4.0",
      "resolved": "https://registry.npmjs.org/victory-voronoi-container/-/victory-voronoi-container-35.4.0.tgz",
      "integrity": "sha512-6uqLa7DCZGvNTXTmUbknOxEVUf3FevnfZ1Vxdl686cMfgDXKYOh8V9bJbNJbvjtKWuqjX3rq1tIYLAzVUYjTlw==",
      "requires": {
        "delaunay-find": "0.0.5",
        "lodash": "^4.17.19",
        "prop-types": "^15.5.8",
        "react-fast-compare": "^2.0.0",
        "victory-core": "^35.4.0",
        "victory-tooltip": "^35.4.0"
      }
    },
    "victory-zoom-container": {
      "version": "35.4.0",
      "resolved": "https://registry.npmjs.org/victory-zoom-container/-/victory-zoom-container-35.4.0.tgz",
      "integrity": "sha512-CQrtXyPOLwUsPNoHfRCEbngbkiUdh1jscSQeH2s3BCgYRKt//XA3BYopc/YjZAccT2XvLvIsFENw+CcyJx/NkA==",
      "requires": {
        "lodash": "^4.17.19",
        "prop-types": "^15.5.8",
        "victory-core": "^35.4.0"
      }
    }
  }
}
